
Microsoft Visual Studio Solution File, Format Version 12.00
# Visual Studio Version 17
VisualStudioVersion = 17.11.35303.130
MinimumVisualStudioVersion = 10.0.40219.1
Project("{FAE04EC0-301F-11D3-BF4B-00C04F79EFBC}") = "LABA3.1", "LABA3.1\LABA3.1.csproj", "{FFD31BEC-8253-48BF-9E95-5A64414FCCBF}"
EndProject
Global
	GlobalSection(SolutionConfigurationPlatforms) = preSolution
		Debug|Any CPU = Debug|Any CPU
		Release|Any CPU = Release|Any CPU
	EndGlobalSection
	GlobalSection(ProjectConfigurationPlatforms) = postSolution
		{FFD31BEC-8253-48BF-9E95-5A64414FCCBF}.Debug|Any CPU.ActiveCfg = Debug|Any CPU
		{FFD31BEC-8253-48BF-9E95-5A64414FCCBF}.Debug|Any CPU.Build.0 = Debug|Any CPU
		{FFD31BEC-8253-48BF-9E95-5A64414FCCBF}.Release|Any CPU.ActiveCfg = Release|Any CPU
		{FFD31BEC-8253-48BF-9E95-5A64414FCCBF}.Release|Any CPU.Build.0 = Release|Any CPU
	EndGlobalSection
	GlobalSection(SolutionProperties) = preSolution
		HideSolutionNode = FALSE
	EndGlobalSection
	GlobalSection(ExtensibilityGlobals) = postSolution
		SolutionGuid = {BE8F32FA-9B2A-416E-B229-962D4A12933A}
	EndGlobalSection
EndGlobal
